
Microsoft Visual Studio Solution File, Format Version 12.00
# Visual Studio Version 17
VisualStudioVersion = 17.0.31912.275
MinimumVisualStudioVersion = 10.0.40219.1
Project("{2150E333-8FDC-42A3-9474-1A3956D46DE8}") = "Solution Items", "Solution Items", "{F8341BDC-AFD6-4940-BBCF-3479AB059851}"
	ProjectSection(SolutionItems) = preProject
		.editorconfig = .editorconfig
	EndProjectSection
EndProject
Project("{2150E333-8FDC-42A3-9474-1A3956D46DE8}") = "src", "src", "{1C641B54-56A0-476C-A207-23E4C326BC17}"
EndProject
Project("{2150E333-8FDC-42A3-9474-1A3956D46DE8}") = "test", "test", "{BE70AAFA-E0AB-4EEC-897E-4B311939CA9A}"
EndProject
Project("{9A19103F-16F7-4668-BE54-9A1E7A4F7556}") = "Altinn.ResourceRegistry", "src\Altinn.ResourceRegistry\Altinn.ResourceRegistry.csproj", "{1CEF3493-0F24-46E8-9BC0-63A213FE6C55}"
EndProject
Project("{9A19103F-16F7-4668-BE54-9A1E7A4F7556}") = "Altinn.ResourceRegistry.Tests", "test\Altinn.ResourceRegistry.Tests\Altinn.ResourceRegistry.Tests.csproj", "{720B753A-28B3-46E1-8C69-7A1EED0C94E5}"
EndProject
Project("{9A19103F-16F7-4668-BE54-9A1E7A4F7556}") = "Altinn.ResourceRegistry.Core", "src\Altinn.ResourceRegistry.Core\Altinn.ResourceRegistry.Core.csproj", "{2445DE2C-CBD4-4E30-8E35-711CA93362E8}"
EndProject
Project("{9A19103F-16F7-4668-BE54-9A1E7A4F7556}") = "Altinn.ResourceRegistry.Persistence", "src\Altinn.ResourceRegistry.Persistence\Altinn.ResourceRegistry.Persistence.csproj", "{1AE36D08-7DE9-41A7-8306-0696F3BF2AC6}"
EndProject
Project("{9A19103F-16F7-4668-BE54-9A1E7A4F7556}") = "Altinn.ResourceRegistry.Integration", "src\Altinn.ResourceRegistry.Integration\Altinn.ResourceRegistry.Integration.csproj", "{28B0545F-050F-41C2-AA02-214C96A01AD0}"
EndProject
Project("{9A19103F-16F7-4668-BE54-9A1E7A4F7556}") = "Altinn.ResourceRegistry.Persistence.Tests", "test\Altinn.ResourceRegistry.Persistence.Tests\Altinn.ResourceRegistry.Persistence.Tests.csproj", "{94F981FC-53C6-4ABE-9D8C-89D0E174E6E7}"
EndProject
Project("{9A19103F-16F7-4668-BE54-9A1E7A4F7556}") = "Altinn.ResourceRegistry.TestUtils", "test\Altinn.ResourceRegistry.TestUtils\Altinn.ResourceRegistry.TestUtils.csproj", "{26A867FC-DFB4-461E-AFCB-E401BA20E90C}"
EndProject
Global
	GlobalSection(SolutionConfigurationPlatforms) = preSolution
		Debug|Any CPU = Debug|Any CPU
		Release|Any CPU = Release|Any CPU
	EndGlobalSection
	GlobalSection(ProjectConfigurationPlatforms) = postSolution
		{1CEF3493-0F24-46E8-9BC0-63A213FE6C55}.Debug|Any CPU.ActiveCfg = Debug|Any CPU
		{1CEF3493-0F24-46E8-9BC0-63A213FE6C55}.Debug|Any CPU.Build.0 = Debug|Any CPU
		{1CEF3493-0F24-46E8-9BC0-63A213FE6C55}.Release|Any CPU.ActiveCfg = Release|Any CPU
		{1CEF3493-0F24-46E8-9BC0-63A213FE6C55}.Release|Any CPU.Build.0 = Release|Any CPU
		{720B753A-28B3-46E1-8C69-7A1EED0C94E5}.Debug|Any CPU.ActiveCfg = Debug|Any CPU
		{720B753A-28B3-46E1-8C69-7A1EED0C94E5}.Debug|Any CPU.Build.0 = Debug|Any CPU
		{720B753A-28B3-46E1-8C69-7A1EED0C94E5}.Release|Any CPU.ActiveCfg = Release|Any CPU
		{720B753A-28B3-46E1-8C69-7A1EED0C94E5}.Release|Any CPU.Build.0 = Release|Any CPU
		{2445DE2C-CBD4-4E30-8E35-711CA93362E8}.Debug|Any CPU.ActiveCfg = Debug|Any CPU
		{2445DE2C-CBD4-4E30-8E35-711CA93362E8}.Debug|Any CPU.Build.0 = Debug|Any CPU
		{2445DE2C-CBD4-4E30-8E35-711CA93362E8}.Release|Any CPU.ActiveCfg = Release|Any CPU
		{2445DE2C-CBD4-4E30-8E35-711CA93362E8}.Release|Any CPU.Build.0 = Release|Any CPU
		{1AE36D08-7DE9-41A7-8306-0696F3BF2AC6}.Debug|Any CPU.ActiveCfg = Debug|Any CPU
		{1AE36D08-7DE9-41A7-8306-0696F3BF2AC6}.Debug|Any CPU.Build.0 = Debug|Any CPU
		{1AE36D08-7DE9-41A7-8306-0696F3BF2AC6}.Release|Any CPU.ActiveCfg = Release|Any CPU
		{1AE36D08-7DE9-41A7-8306-0696F3BF2AC6}.Release|Any CPU.Build.0 = Release|Any CPU
		{28B0545F-050F-41C2-AA02-214C96A01AD0}.Debug|Any CPU.ActiveCfg = Debug|Any CPU
		{28B0545F-050F-41C2-AA02-214C96A01AD0}.Debug|Any CPU.Build.0 = Debug|Any CPU
		{28B0545F-050F-41C2-AA02-214C96A01AD0}.Release|Any CPU.ActiveCfg = Release|Any CPU
		{28B0545F-050F-41C2-AA02-214C96A01AD0}.Release|Any CPU.Build.0 = Release|Any CPU
		{94F981FC-53C6-4ABE-9D8C-89D0E174E6E7}.Debug|Any CPU.ActiveCfg = Debug|Any CPU
		{94F981FC-53C6-4ABE-9D8C-89D0E174E6E7}.Debug|Any CPU.Build.0 = Debug|Any CPU
		{94F981FC-53C6-4ABE-9D8C-89D0E174E6E7}.Release|Any CPU.ActiveCfg = Release|Any CPU
		{94F981FC-53C6-4ABE-9D8C-89D0E174E6E7}.Release|Any CPU.Build.0 = Release|Any CPU
		{26A867FC-DFB4-461E-AFCB-E401BA20E90C}.Debug|Any CPU.ActiveCfg = Debug|Any CPU
		{26A867FC-DFB4-461E-AFCB-E401BA20E90C}.Debug|Any CPU.Build.0 = Debug|Any CPU
		{26A867FC-DFB4-461E-AFCB-E401BA20E90C}.Release|Any CPU.ActiveCfg = Release|Any CPU
		{26A867FC-DFB4-461E-AFCB-E401BA20E90C}.Release|Any CPU.Build.0 = Release|Any CPU
	EndGlobalSection
	GlobalSection(SolutionProperties) = preSolution
		HideSolutionNode = FALSE
	EndGlobalSection
	GlobalSection(NestedProjects) = preSolution
		{1CEF3493-0F24-46E8-9BC0-63A213FE6C55} = {1C641B54-56A0-476C-A207-23E4C326BC17}
		{720B753A-28B3-46E1-8C69-7A1EED0C94E5} = {BE70AAFA-E0AB-4EEC-897E-4B311939CA9A}
		{2445DE2C-CBD4-4E30-8E35-711CA93362E8} = {1C641B54-56A0-476C-A207-23E4C326BC17}
		{1AE36D08-7DE9-41A7-8306-0696F3BF2AC6} = {1C641B54-56A0-476C-A207-23E4C326BC17}
		{28B0545F-050F-41C2-AA02-214C96A01AD0} = {1C641B54-56A0-476C-A207-23E4C326BC17}
		{94F981FC-53C6-4ABE-9D8C-89D0E174E6E7} = {BE70AAFA-E0AB-4EEC-897E-4B311939CA9A}
		{26A867FC-DFB4-461E-AFCB-E401BA20E90C} = {BE70AAFA-E0AB-4EEC-897E-4B311939CA9A}
	EndGlobalSection
	GlobalSection(ExtensibilityGlobals) = postSolution
		SolutionGuid = {9933806A-F446-4097-BA19-B947F2240FF2}
	EndGlobalSection
EndGlobal
